PODS:
  - Alamofire (3.0.1)
  - Cartography (0.5.0)
  - LatoFont (1.0.1)
  - SwiftyJSON (2.3.0)
  - WeatherIconsKit (1.0.0)

DEPENDENCIES:
  - Alamofire (from `https://github.com/Alamofire/Alamofire.git`)
  - Cartography (from `https://github.com/robb/Cartography.git`)
  - LatoFont (from `https://github.com/gscalzo/LatoFont.git`)
  - SwiftyJSON (from `https://github.com/SwiftyJSON/SwiftyJSON.git`)
  - WeatherIconsKit (from `https://github.com/gscalzo/WeatherIconsKit.git`)

EXTERNAL SOURCES:
  Alamofire:
    :git: https://github.com/Alamofire/Alamofire.git
  Cartography:
    :git: https://github.com/robb/Cartography.git
  LatoFont:
    :git: https://github.com/gscalzo/LatoFont.git
  SwiftyJSON:
    :git: https://github.com/SwiftyJSON/SwiftyJSON.git
  WeatherIconsKit:
    :git: https://github.com/gscalzo/WeatherIconsKit.git

CHECKOUT OPTIONS:
  Alamofire:
    :commit: 0f816eedf8d6b7c9a656697e50462145506e48f9
    :git: https://github.com/Alamofire/Alamofire.git
  Cartography:
    :commit: f667b493beaf71645d1e4f805db9d0c2fc87353a
    :git: https://github.com/robb/Cartography.git
  LatoFont:
    :commit: 2739e4c28c92c82ca2c7daf289a238d62af01c42
    :git: https://github.com/gscalzo/LatoFont.git
  SwiftyJSON:
    :commit: 83dc3138b14571200ea7f070933a2a510491e997
    :git: https://github.com/SwiftyJSON/SwiftyJSON.git
  WeatherIconsKit:
    :commit: effa8476b88010a5ea6d3cfcf5fb81db87ff5bfa
    :git: https://github.com/gscalzo/WeatherIconsKit.git

SPEC CHECKSUMS:
  Alamofire: 2457e1b2e6c46bb05c3a598c542b7bfd08893775
  Cartography: 314f5ed1495995760487161eeb7a8a0940d88ad3
  LatoFont: 0bfeace154ee2da6080123d0e80560f6e22b187d
  SwiftyJSON: cacfe0373d584585716bd1d43202c24cc66afd65
  WeatherIconsKit: 84526a4cdf9da972c2866f24e40360420b1d40bf

COCOAPODS: 0.39.0
